
Microsoft Visual Studio Solution File, Format Version 11.00
# Visual Studio 2010
Project("{FAE04EC0-301F-11D3-BF4B-00C04F79EFBC}") = "BranchAndMerge", "BranchAndMerge\BranchAndMerge.csproj", "{F004819C-00E6-4DFE-8D82-8A4EEB225D20}"
EndProject
Project("{FAE04EC0-301F-11D3-BF4B-00C04F79EFBC}") = "BranchAndMergeUnitTest", "BranchAndMergeUnitTest\BranchAndMergeUnitTest.csproj", "{312C8227-E30B-4FA1-9618-5D5B96102914}"
EndProject
Project("{2150E333-8FDC-42A3-9474-1A3956D46DE8}") = "Solution Items", "Solution Items", "{E63A6D3B-75DB-4D01-A3B8-258C2303522B}"
	ProjectSection(SolutionItems) = preProject
		BranchAndMerge.vsmdi = BranchAndMerge.vsmdi
		Local.testsettings = Local.testsettings
		TraceAndTestImpact.testsettings = TraceAndTestImpact.testsettings
	EndProjectSection
EndProject
Global
	GlobalSection(TeamFoundationVersionControl) = preSolution
		SccNumberOfProjects = 3
		SccEnterpriseProvider = {4CA58AB2-18FA-4F8D-95D4-32DDF27D184C}
		SccTeamFoundationServer = http://192.168.83.70:8080/tfs/system
		SccLocalPath0 = .
		SccProjectUniqueName1 = BranchAndMerge\\BranchAndMerge.csproj
		SccProjectName1 = BranchAndMerge
		SccLocalPath1 = BranchAndMerge
		SccProjectUniqueName2 = BranchAndMergeUnitTest\\BranchAndMergeUnitTest.csproj
		SccProjectName2 = BranchAndMergeUnitTest
		SccLocalPath2 = BranchAndMergeUnitTest
	EndGlobalSection
	GlobalSection(TestCaseManagementSettings) = postSolution
		CategoryFile = BranchAndMerge.vsmdi
	EndGlobalSection
	GlobalSection(SolutionConfigurationPlatforms) = preSolution
		Debug|Any CPU = Debug|Any CPU
		Debug|Mixed Platforms = Debug|Mixed Platforms
		Debug|x86 = Debug|x86
		Release|Any CPU = Release|Any CPU
		Release|Mixed Platforms = Release|Mixed Platforms
		Release|x86 = Release|x86
	EndGlobalSection
	GlobalSection(ProjectConfigurationPlatforms) = postSolution
		{F004819C-00E6-4DFE-8D82-8A4EEB225D20}.Debug|Any CPU.ActiveCfg = Debug|x86
		{F004819C-00E6-4DFE-8D82-8A4EEB225D20}.Debug|Mixed Platforms.ActiveCfg = Debug|x86
		{F004819C-00E6-4DFE-8D82-8A4EEB225D20}.Debug|Mixed Platforms.Build.0 = Debug|x86
		{F004819C-00E6-4DFE-8D82-8A4EEB225D20}.Debug|x86.ActiveCfg = Debug|x86
		{F004819C-00E6-4DFE-8D82-8A4EEB225D20}.Debug|x86.Build.0 = Debug|x86
		{F004819C-00E6-4DFE-8D82-8A4EEB225D20}.Release|Any CPU.ActiveCfg = Release|x86
		{F004819C-00E6-4DFE-8D82-8A4EEB225D20}.Release|Mixed Platforms.ActiveCfg = Release|x86
		{F004819C-00E6-4DFE-8D82-8A4EEB225D20}.Release|Mixed Platforms.Build.0 = Release|x86
		{F004819C-00E6-4DFE-8D82-8A4EEB225D20}.Release|x86.ActiveCfg = Release|x86
		{F004819C-00E6-4DFE-8D82-8A4EEB225D20}.Release|x86.Build.0 = Release|x86
		{312C8227-E30B-4FA1-9618-5D5B96102914}.Debug|Any CPU.ActiveCfg = Debug|Any CPU
		{312C8227-E30B-4FA1-9618-5D5B96102914}.Debug|Any CPU.Build.0 = Debug|Any CPU
		{312C8227-E30B-4FA1-9618-5D5B96102914}.Debug|Mixed Platforms.ActiveCfg = Debug|Any CPU
		{312C8227-E30B-4FA1-9618-5D5B96102914}.Debug|Mixed Platforms.Build.0 = Debug|Any CPU
		{312C8227-E30B-4FA1-9618-5D5B96102914}.Debug|x86.ActiveCfg = Debug|Any CPU
		{312C8227-E30B-4FA1-9618-5D5B96102914}.Release|Any CPU.ActiveCfg = Release|Any CPU
		{312C8227-E30B-4FA1-9618-5D5B96102914}.Release|Any CPU.Build.0 = Release|Any CPU
		{312C8227-E30B-4FA1-9618-5D5B96102914}.Release|Mixed Platforms.ActiveCfg = Release|Any CPU
		{312C8227-E30B-4FA1-9618-5D5B96102914}.Release|Mixed Platforms.Build.0 = Release|Any CPU
		{312C8227-E30B-4FA1-9618-5D5B96102914}.Release|x86.ActiveCfg = Release|Any CPU
	EndGlobalSection
	GlobalSection(SolutionProperties) = preSolution
		HideSolutionNode = FALSE
	EndGlobalSection
EndGlobal
